
Microsoft Visual Studio Solution File, Format Version 12.00
# Visual Studio 15
VisualStudioVersion = 15.0.28307.1145
MinimumVisualStudioVersion = 10.0.40219.1
Project("{FAE04EC0-301F-11D3-BF4B-00C04F79EFBC}") = "homework12", "homework12\homework12.csproj", "{903FBC8D-9A97-4C81-A6BC-F605029ED0D0}"
EndProject
Global
	GlobalSection(SolutionConfigurationPlatforms) = preSolution
		Debug|Any CPU = Debug|Any CPU
		Release|Any CPU = Release|Any CPU
	EndGlobalSection
	GlobalSection(ProjectConfigurationPlatforms) = postSolution
		{903FBC8D-9A97-4C81-A6BC-F605029ED0D0}.Debug|Any CPU.ActiveCfg = Debug|Any CPU
		{903FBC8D-9A97-4C81-A6BC-F605029ED0D0}.Debug|Any CPU.Build.0 = Debug|Any CPU
		{903FBC8D-9A97-4C81-A6BC-F605029ED0D0}.Release|Any CPU.ActiveCfg = Release|Any CPU
		{903FBC8D-9A97-4C81-A6BC-F605029ED0D0}.Release|Any CPU.Build.0 = Release|Any CPU
	EndGlobalSection
	GlobalSection(SolutionProperties) = preSolution
		HideSolutionNode = FALSE
	EndGlobalSection
	GlobalSection(ExtensibilityGlobals) = postSolution
		SolutionGuid = {27AC2A64-290E-4A03-A2C2-4E924AE7D0DB}
	EndGlobalSection
EndGlobal
