
Microsoft Visual Studio Solution File, Format Version 12.00
# Visual Studio 15
VisualStudioVersion = 15.0.28307.1022
MinimumVisualStudioVersion = 10.0.40219.1
Project("{FAE04EC0-301F-11D3-BF4B-00C04F79EFBC}") = "test1", "homework4\test1.csproj", "{F2E7A7FF-4D4F-4624-B32C-95EB14810C4F}"
EndProject
Project("{FAE04EC0-301F-11D3-BF4B-00C04F79EFBC}") = "test2", "test2\test2.csproj", "{97CAD766-D375-400E-ACA6-FD981F348CD0}"
EndProject
Global
	GlobalSection(SolutionConfigurationPlatforms) = preSolution
		Debug|Any CPU = Debug|Any CPU
		Release|Any CPU = Release|Any CPU
	EndGlobalSection
	GlobalSection(ProjectConfigurationPlatforms) = postSolution
		{F2E7A7FF-4D4F-4624-B32C-95EB14810C4F}.Debug|Any CPU.ActiveCfg = Debug|Any CPU
		{F2E7A7FF-4D4F-4624-B32C-95EB14810C4F}.Debug|Any CPU.Build.0 = Debug|Any CPU
		{F2E7A7FF-4D4F-4624-B32C-95EB14810C4F}.Release|Any CPU.ActiveCfg = Release|Any CPU
		{F2E7A7FF-4D4F-4624-B32C-95EB14810C4F}.Release|Any CPU.Build.0 = Release|Any CPU
		{97CAD766-D375-400E-ACA6-FD981F348CD0}.Debug|Any CPU.ActiveCfg = Debug|Any CPU
		{97CAD766-D375-400E-ACA6-FD981F348CD0}.Debug|Any CPU.Build.0 = Debug|Any CPU
		{97CAD766-D375-400E-ACA6-FD981F348CD0}.Release|Any CPU.ActiveCfg = Release|Any CPU
		{97CAD766-D375-400E-ACA6-FD981F348CD0}.Release|Any CPU.Build.0 = Release|Any CPU
	EndGlobalSection
	GlobalSection(SolutionProperties) = preSolution
		HideSolutionNode = FALSE
	EndGlobalSection
	GlobalSection(ExtensibilityGlobals) = postSolution
		SolutionGuid = {60B88F5F-BD55-429B-9A67-B49111B9B1FD}
	EndGlobalSection
EndGlobal
